Microsoft Visual Studio Solution File, Format Version 10.00
# Visual Studio 2008
Project("{8BC9CEB8-8B4A-11D0-8D11-00A0C91BC942}") = "Test", "Test.vcproj", "{3695470E-57F9-4557-8579-AEB9DA45EACB}"
EndProject
Project("{8BC9CEB8-8B4A-11D0-8D11-00A0C91BC942}") = "Core", "..\Core.vcproj", "{790BC113-52FB-4565-8968-79B8B011C520}"
EndProject
Global
	GlobalSection(SolutionConfigurationPlatforms) = preSolution
		Debug|Win32 = Debug|Win32
		Release|Win32 = Release|Win32
	EndGlobalSection
	GlobalSection(ProjectConfigurationPlatforms) = postSolution
		{3695470E-57F9-4557-8579-AEB9DA45EACB}.Debug|Win32.ActiveCfg = Debug|Win32
		{3695470E-57F9-4557-8579-AEB9DA45EACB}.Debug|Win32.Build.0 = Debug|Win32
		{3695470E-57F9-4557-8579-AEB9DA45EACB}.Release|Win32.ActiveCfg = Release|Win32
		{3695470E-57F9-4557-8579-AEB9DA45EACB}.Release|Win32.Build.0 = Release|Win32
		{790BC113-52FB-4565-8968-79B8B011C520}.Debug|Win32.ActiveCfg = Debug|Win32
		{790BC113-52FB-4565-8968-79B8B011C520}.Debug|Win32.Build.0 = Debug|Win32
		{790BC113-52FB-4565-8968-79B8B011C520}.Release|Win32.ActiveCfg = Release|Win32
		{790BC113-52FB-4565-8968-79B8B011C520}.Release|Win32.Build.0 = Release|Win32
	EndGlobalSection
	GlobalSection(SolutionProperties) = preSolution
		HideSolutionNode = FALSE
	EndGlobalSection
	GlobalSection(DPCodeReviewSolutionGUID) = preSolution
		DPCodeReviewSolutionGUID = {00000000-0000-0000-0000-000000000000}
	EndGlobalSection
EndGlobal
