<?xml version="1.0" encoding="UTF-8" standalone="yes" ?>
<CodeBlocks_project_file>
	<FileVersion major="1" minor="6" />
	<Project>
		<Option title="Test" />
		<Option pch_mode="2" />
		<Option compiler="gcc" />
		<Build>
			<Target title="Debug Win32">
				<Option platforms="Windows;" />
				<Option output="Debug\Test" prefix_auto="1" extension_auto="1" />
				<Option object_output="Debug" />
				<Option external_deps="..\Debug\libCore.a;" />
				<Option type="1" />
				<Option compiler="gcc" />
				<Compiler>
					<Add option="-DWIN32" />
					<Add option="-D_DEBUG" />
					<Add option="-D_CONSOLE" />
				</Compiler>
				<ResourceCompiler>
					<Add directory="..\..\..\Lib" />
				</ResourceCompiler>
				<Linker>
					<Add library="..\Debug\libCore.a" />
				</Linker>
			</Target>
			<Target title="Release Win32">
				<Option platforms="Windows;" />
				<Option output="Release\Test" prefix_auto="1" extension_auto="1" />
				<Option object_output="Release" />
				<Option external_deps="..\Release\libCore.a;" />
				<Option type="1" />
				<Option compiler="gcc" />
				<Compiler>
					<Add option="-O" />
					<Add option="-DWIN32" />
					<Add option="-DNDEBUG" />
					<Add option="-D_CONSOLE" />
				</Compiler>
				<ResourceCompiler>
					<Add directory="..\..\..\Lib" />
				</ResourceCompiler>
				<Linker>
					<Add library="..\Release\libCore.a" />
				</Linker>
			</Target>
		</Build>
		<Compiler>
			<Add option="-Wextra" />
			<Add option="-Wall" />
			<Add directory="..\..\..\Lib" />
		</Compiler>
		<Unit filename="AlgorithmTests.cpp" />
		<Unit filename="AnsiWideTests.cpp" />
		<Unit filename="ArrayPtrTests.cpp" />
		<Unit filename="CmdLineParserTests.cpp" />
		<Unit filename="DebugTests.cpp" />
		<Unit filename="ExceptionTests.cpp" />
		<Unit filename="InterlockedTests.cpp" />
		<Unit filename="NotCopyableTests.cpp" />
		<Unit filename="PtrTest.hpp" />
		<Unit filename="RefCntPtrTests.cpp" />
		<Unit filename="RefCountedTests.cpp" />
		<Unit filename="SharedPtrTests.cpp" />
		<Unit filename="StringUtilsTests.cpp" />
		<Unit filename="Test.cpp" />
		<Unit filename="TokeniserTests.cpp" />
		<Unit filename="UniquePtrTests.cpp" />
		<Unit filename="stdafx.cpp" />
		<Unit filename="stdafx.h" />
		<Extensions>
			<code_completion />
			<debugger />
		</Extensions>
	</Project>
</CodeBlocks_project_file>
